
Microsoft Visual Studio Solution File, Format Version 12.00
# Visual Studio Version 17
VisualStudioVersion = 17.5.33530.505
MinimumVisualStudioVersion = 10.0.40219.1
Project("{FAE04EC0-301F-11D3-BF4B-00C04F79EFBC}") = "WebApiAjax", "WebApiAjax\WebApiAjax.csproj", "{CE303651-48BC-482C-ACDA-798ACF785831}"
EndProject
Global
	GlobalSection(SolutionConfigurationPlatforms) = preSolution
		Debug|Any CPU = Debug|Any CPU
		Release|Any CPU = Release|Any CPU
	EndGlobalSection
	GlobalSection(ProjectConfigurationPlatforms) = postSolution
		{CE303651-48BC-482C-ACDA-798ACF785831}.Debug|Any CPU.ActiveCfg = Debug|Any CPU
		{CE303651-48BC-482C-ACDA-798ACF785831}.Debug|Any CPU.Build.0 = Debug|Any CPU
		{CE303651-48BC-482C-ACDA-798ACF785831}.Release|Any CPU.ActiveCfg = Release|Any CPU
		{CE303651-48BC-482C-ACDA-798ACF785831}.Release|Any CPU.Build.0 = Release|Any CPU
	EndGlobalSection
	GlobalSection(SolutionProperties) = preSolution
		HideSolutionNode = FALSE
	EndGlobalSection
	GlobalSection(ExtensibilityGlobals) = postSolution
		SolutionGuid = {099BFEA4-4857-4CAB-93A0-513444F7FB35}
	EndGlobalSection
EndGlobal
